
Microsoft Visual Studio Solution File, Format Version 12.00
# Visual Studio Version 17
VisualStudioVersion = 17.5.33103.201
MinimumVisualStudioVersion = 10.0.40219.1
Project("{FAE04EC0-301F-11D3-BF4B-00C04F79EFBC}") = "AOCDay4", "AOCDay4.csproj", "{BFE52F7B-F5C4-46B2-857F-4E20364ABAF2}"
EndProject
Global
	GlobalSection(SolutionConfigurationPlatforms) = preSolution
		Debug|Any CPU = Debug|Any CPU
		Release|Any CPU = Release|Any CPU
	EndGlobalSection
	GlobalSection(ProjectConfigurationPlatforms) = postSolution
		{BFE52F7B-F5C4-46B2-857F-4E20364ABAF2}.Debug|Any CPU.ActiveCfg = Debug|Any CPU
		{BFE52F7B-F5C4-46B2-857F-4E20364ABAF2}.Debug|Any CPU.Build.0 = Debug|Any CPU
		{BFE52F7B-F5C4-46B2-857F-4E20364ABAF2}.Release|Any CPU.ActiveCfg = Release|Any CPU
		{BFE52F7B-F5C4-46B2-857F-4E20364ABAF2}.Release|Any CPU.Build.0 = Release|Any CPU
	EndGlobalSection
	GlobalSection(SolutionProperties) = preSolution
		HideSolutionNode = FALSE
	EndGlobalSection
	GlobalSection(ExtensibilityGlobals) = postSolution
		SolutionGuid = {217CEAFA-7C19-4089-8DA1-5DA379ADE51E}
	EndGlobalSection
EndGlobal
