
Microsoft Visual Studio Solution File, Format Version 12.00
# Visual Studio Version 17
VisualStudioVersion = 17.5.33103.201
MinimumVisualStudioVersion = 10.0.40219.1
Project("{FAE04EC0-301F-11D3-BF4B-00C04F79EFBC}") = "AOCDay9", "AOCDay9.csproj", "{6DE46846-360F-4BBB-8C20-CD7F5FB88763}"
EndProject
Global
	GlobalSection(SolutionConfigurationPlatforms) = preSolution
		Debug|Any CPU = Debug|Any CPU
		Release|Any CPU = Release|Any CPU
	EndGlobalSection
	GlobalSection(ProjectConfigurationPlatforms) = postSolution
		{6DE46846-360F-4BBB-8C20-CD7F5FB88763}.Debug|Any CPU.ActiveCfg = Debug|Any CPU
		{6DE46846-360F-4BBB-8C20-CD7F5FB88763}.Debug|Any CPU.Build.0 = Debug|Any CPU
		{6DE46846-360F-4BBB-8C20-CD7F5FB88763}.Release|Any CPU.ActiveCfg = Release|Any CPU
		{6DE46846-360F-4BBB-8C20-CD7F5FB88763}.Release|Any CPU.Build.0 = Release|Any CPU
	EndGlobalSection
	GlobalSection(SolutionProperties) = preSolution
		HideSolutionNode = FALSE
	EndGlobalSection
	GlobalSection(ExtensibilityGlobals) = postSolution
		SolutionGuid = {B9846860-9EB0-464E-B52B-781A9DA35517}
	EndGlobalSection
EndGlobal
