
Microsoft Visual Studio Solution File, Format Version 12.00
# Visual Studio Version 17
VisualStudioVersion = 17.5.33103.201
MinimumVisualStudioVersion = 10.0.40219.1
Project("{FAE04EC0-301F-11D3-BF4B-00C04F79EFBC}") = "AOCDay3", "AOCDay3.csproj", "{DE33B4A5-3105-4314-8D72-C094D3372353}"
EndProject
Global
	GlobalSection(SolutionConfigurationPlatforms) = preSolution
		Debug|Any CPU = Debug|Any CPU
		Release|Any CPU = Release|Any CPU
	EndGlobalSection
	GlobalSection(ProjectConfigurationPlatforms) = postSolution
		{DE33B4A5-3105-4314-8D72-C094D3372353}.Debug|Any CPU.ActiveCfg = Debug|Any CPU
		{DE33B4A5-3105-4314-8D72-C094D3372353}.Debug|Any CPU.Build.0 = Debug|Any CPU
		{DE33B4A5-3105-4314-8D72-C094D3372353}.Release|Any CPU.ActiveCfg = Release|Any CPU
		{DE33B4A5-3105-4314-8D72-C094D3372353}.Release|Any CPU.Build.0 = Release|Any CPU
	EndGlobalSection
	GlobalSection(SolutionProperties) = preSolution
		HideSolutionNode = FALSE
	EndGlobalSection
	GlobalSection(ExtensibilityGlobals) = postSolution
		SolutionGuid = {8C848113-9794-4454-9D18-8306D7E76FC6}
	EndGlobalSection
EndGlobal
