
Microsoft Visual Studio Solution File, Format Version 12.00
# Visual Studio Version 17
VisualStudioVersion = 17.4.33122.133
MinimumVisualStudioVersion = 10.0.40219.1
Project("{FAE04EC0-301F-11D3-BF4B-00C04F79EFBC}") = "AOCDay11", "AOCDay11.csproj", "{7E63C3F4-58D7-4B0A-8257-9F0DAFFD5F5E}"
EndProject
Global
	GlobalSection(SolutionConfigurationPlatforms) = preSolution
		Debug|Any CPU = Debug|Any CPU
		Release|Any CPU = Release|Any CPU
	EndGlobalSection
	GlobalSection(ProjectConfigurationPlatforms) = postSolution
		{7E63C3F4-58D7-4B0A-8257-9F0DAFFD5F5E}.Debug|Any CPU.ActiveCfg = Debug|Any CPU
		{7E63C3F4-58D7-4B0A-8257-9F0DAFFD5F5E}.Debug|Any CPU.Build.0 = Debug|Any CPU
		{7E63C3F4-58D7-4B0A-8257-9F0DAFFD5F5E}.Release|Any CPU.ActiveCfg = Release|Any CPU
		{7E63C3F4-58D7-4B0A-8257-9F0DAFFD5F5E}.Release|Any CPU.Build.0 = Release|Any CPU
	EndGlobalSection
	GlobalSection(SolutionProperties) = preSolution
		HideSolutionNode = FALSE
	EndGlobalSection
	GlobalSection(ExtensibilityGlobals) = postSolution
		SolutionGuid = {C1E9047B-75C3-46D1-8B58-838392997679}
	EndGlobalSection
EndGlobal
