
Microsoft Visual Studio Solution File, Format Version 12.00
# Visual Studio Version 17
VisualStudioVersion = 17.5.33103.201
MinimumVisualStudioVersion = 10.0.40219.1
Project("{FAE04EC0-301F-11D3-BF4B-00C04F79EFBC}") = "AOCDay8", "AOCDay8.csproj", "{857324C7-F35D-4457-988F-214366085F52}"
EndProject
Global
	GlobalSection(SolutionConfigurationPlatforms) = preSolution
		Debug|Any CPU = Debug|Any CPU
		Release|Any CPU = Release|Any CPU
	EndGlobalSection
	GlobalSection(ProjectConfigurationPlatforms) = postSolution
		{857324C7-F35D-4457-988F-214366085F52}.Debug|Any CPU.ActiveCfg = Debug|Any CPU
		{857324C7-F35D-4457-988F-214366085F52}.Debug|Any CPU.Build.0 = Debug|Any CPU
		{857324C7-F35D-4457-988F-214366085F52}.Release|Any CPU.ActiveCfg = Release|Any CPU
		{857324C7-F35D-4457-988F-214366085F52}.Release|Any CPU.Build.0 = Release|Any CPU
	EndGlobalSection
	GlobalSection(SolutionProperties) = preSolution
		HideSolutionNode = FALSE
	EndGlobalSection
	GlobalSection(ExtensibilityGlobals) = postSolution
		SolutionGuid = {A0F62E03-E667-4326-B7A0-9DE8B8F0F107}
	EndGlobalSection
EndGlobal
