
Microsoft Visual Studio Solution File, Format Version 12.00
# Visual Studio Version 17
VisualStudioVersion = 17.5.33103.201
MinimumVisualStudioVersion = 10.0.40219.1
Project("{FAE04EC0-301F-11D3-BF4B-00C04F79EFBC}") = "AOCDay7", "AOCDay7.csproj", "{28393F1A-D234-45D0-89C8-DF4602E80432}"
EndProject
Global
	GlobalSection(SolutionConfigurationPlatforms) = preSolution
		Debug|Any CPU = Debug|Any CPU
		Release|Any CPU = Release|Any CPU
	EndGlobalSection
	GlobalSection(ProjectConfigurationPlatforms) = postSolution
		{28393F1A-D234-45D0-89C8-DF4602E80432}.Debug|Any CPU.ActiveCfg = Debug|Any CPU
		{28393F1A-D234-45D0-89C8-DF4602E80432}.Debug|Any CPU.Build.0 = Debug|Any CPU
		{28393F1A-D234-45D0-89C8-DF4602E80432}.Release|Any CPU.ActiveCfg = Release|Any CPU
		{28393F1A-D234-45D0-89C8-DF4602E80432}.Release|Any CPU.Build.0 = Release|Any CPU
	EndGlobalSection
	GlobalSection(SolutionProperties) = preSolution
		HideSolutionNode = FALSE
	EndGlobalSection
	GlobalSection(ExtensibilityGlobals) = postSolution
		SolutionGuid = {4C0C5DDB-7F0F-4155-99A5-C9EFD1093E8E}
	EndGlobalSection
EndGlobal
